// !$*UTF8*$!
{
	archiveVersion = 1;
	classes = {
	};
	objectVersion = 46;
	objects = {

/* Begin PBXBuildFile section */
		324ED6F7B7330A2B3EB8AC38 /* libPods.a in Frameworks */ = {isa = PBXBuildFile; fileRef = A27DE2E5F91C7ADFBDE0026A /* libPods.a */; };
		893857F21A9589F200DA407B /* AppDelegate.swift in Sources */ = {isa = PBXBuildFile; fileRef = 893857F11A9589F200DA407B /* AppDelegate.swift */; };
		893857F41A9589F200DA407B /* ViewController.swift in Sources */ = {isa = PBXBuildFile; fileRef = 893857F31A9589F200DA407B /* ViewController.swift */; };
		893857F71A9589F200DA407B /* Main.storyboard in Resources */ = {isa = PBXBuildFile; fileRef = 893857F51A9589F200DA407B /* Main.storyboard */; };
		893857F91A9589F200DA407B /* Images.xcassets in Resources */ = {isa = PBXBuildFile; fileRef = 893857F81A9589F200DA407B /* Images.xcassets */; };
		893857FC1A9589F200DA407B /* LaunchScreen.xib in Resources */ = {isa = PBXBuildFile; fileRef = 893857FA1A9589F200DA407B /* LaunchScreen.xib */; };
		893858081A9589F200DA407B /* chatWParseTests.swift in Sources */ = {isa = PBXBuildFile; fileRef = 893858071A9589F200DA407B /* chatWParseTests.swift */; };
		893858161A95900B00DA407B /* ChatViewController.swift in Sources */ = {isa = PBXBuildFile; fileRef = 893858151A95900B00DA407B /* ChatViewController.swift */; };
		8938581A1A9593B300DA407B /* ChatViewCell.swift in Sources */ = {isa = PBXBuildFile; fileRef = 893858191A9593B300DA407B /* ChatViewCell.swift */; };
/* End PBXBuildFile section */

/* Begin PBXContainerItemProxy section */
		893858021A9589F200DA407B /* PBXContainerItemProxy */ = {
			isa = PBXContainerItemProxy;
			containerPortal = 893857E41A9589F200DA407B /* Project object */;
			proxyType = 1;
			remoteGlobalIDString = 893857EB1A9589F200DA407B;
			remoteInfo = chatWParse;
		};
/* End PBXContainerItemProxy section */

/* Begin PBXFileReference section */
		893857EC1A9589F200DA407B /* chatWParse.app */ = {isa = PBXFileReference; explicitFileType = wrapper.application; includeInIndex = 0; path = chatWParse.app; sourceTree = BUILT_PRODUCTS_DIR; };
		893857F01A9589F200DA407B /* Info.plist */ = {isa = PBXFileReference; lastKnownFileType = text.plist.xml; path = Info.plist; sourceTree = "<group>"; };
		893857F11A9589F200DA407B /* AppDelegate.swift */ = {isa = PBXFileReference; lastKnownFileType = sourcecode.swift; path = AppDelegate.swift; sourceTree = "<group>"; };
		893857F31A9589F200DA407B /* ViewController.swift */ = {isa = PBXFileReference; lastKnownFileType = sourcecode.swift; path = ViewController.swift; sourceTree = "<group>"; };
		893857F61A9589F200DA407B /* Base */ = {isa = PBXFileReference; lastKnownFileType = file.storyboard; name = Base; path = Base.lproj/Main.storyboard; sourceTree = "<group>"; };
		893857F81A9589F200DA407B /* Images.xcassets */ = {isa = PBXFileReference; lastKnownFileType = folder.assetcatalog; path = Images.xcassets; sourceTree = "<group>"; };
		893857FB1A9589F200DA407B /* Base */ = {isa = PBXFileReference; lastKnownFileType = file.xib; name = Base; path = Base.lproj/LaunchScreen.xib; sourceTree = "<group>"; };
		893858011A9589F200DA407B /* chatWParseTests.xctest */ = {isa = PBXFileReference; explicitFileType = wrapper.cfbundle; includeInIndex = 0; path = chatWParseTests.xctest; sourceTree = BUILT_PRODUCTS_DIR; };
		893858061A9589F200DA407B /* Info.plist */ = {isa = PBXFileReference; lastKnownFileType = text.plist.xml; path = Info.plist; sourceTree = "<group>"; };
		893858071A9589F200DA407B /* chatWParseTests.swift */ = {isa = PBXFileReference; lastKnownFileType = sourcecode.swift; path = chatWParseTests.swift; sourceTree = "<group>"; };
		893858111A958A7800DA407B /* chatWParse-Bridging-Header.h */ = {isa = PBXFileReference; lastKnownFileType = sourcecode.c.h; path = "chatWParse-Bridging-Header.h"; sourceTree = SOURCE_ROOT; };
		893858151A95900B00DA407B /* ChatViewController.swift */ = {isa = PBXFileReference; fileEncoding = 4; lastKnownFileType = sourcecode.swift; path = ChatViewController.swift; sourceTree = "<group>"; };
		893858191A9593B300DA407B /* ChatViewCell.swift */ = {isa = PBXFileReference; fileEncoding = 4; lastKnownFileType = sourcecode.swift; path = ChatViewCell.swift; sourceTree = "<group>"; };
		97742ACC3EF6DAB8AD93A147 /* Pods.release.xcconfig */ = {isa = PBXFileReference; includeInIndex = 1; lastKnownFileType = text.xcconfig; name = Pods.release.xcconfig; path = "Pods/Target Support Files/Pods/Pods.release.xcconfig"; sourceTree = "<group>"; };
		A27DE2E5F91C7ADFBDE0026A /* libPods.a */ = {isa = PBXFileReference; explicitFileType = archive.ar; includeInIndex = 0; path = libPods.a; sourceTree = BUILT_PRODUCTS_DIR; };
		FA46F2DEEE86F0D0C3D576A2 /* Pods.debug.xcconfig */ = {isa = PBXFileReference; includeInIndex = 1; lastKnownFileType = text.xcconfig; name = Pods.debug.xcconfig; path = "Pods/Target Support Files/Pods/Pods.debug.xcconfig"; sourceTree = "<group>"; };
/* End PBXFileReference section */

/* Begin PBXFrameworksBuildPhase section */
		893857E91A9589F200DA407B /* Frameworks */ = {
			isa = PBXFrameworksBuildPhase;
			buildActionMask = 2147483647;
			files = (
				324ED6F7B7330A2B3EB8AC38 /* libPods.a in Frameworks */,
			);
			runOnlyForDeploymentPostprocessing = 0;
		};
		893857FE1A9589F200DA407B /* Frameworks */ = {
			isa = PBXFrameworksBuildPhase;
			buildActionMask = 2147483647;
			files = (
			);
			runOnlyForDeploymentPostprocessing = 0;
		};
/* End PBXFrameworksBuildPhase section */

/* Begin PBXGroup section */
		11D0FE90F31D2E963745F77E /* Pods */ = {
			isa = PBXGroup;
			children = (
				FA46F2DEEE86F0D0C3D576A2 /* Pods.debug.xcconfig */,
				97742ACC3EF6DAB8AD93A147 /* Pods.release.xcconfig */,
			);
			name = Pods;
			sourceTree = "<group>";
		};
		893857E31A9589F200DA407B = {
			isa = PBXGroup;
			children = (
				893857EE1A9589F200DA407B /* chatWParse */,
				893858041A9589F200DA407B /* chatWParseTests */,
				893857ED1A9589F200DA407B /* Products */,
				11D0FE90F31D2E963745F77E /* Pods */,
				E586026E711E3AA7240C4111 /* Frameworks */,
			);
			sourceTree = "<group>";
		};
		893857ED1A9589F200DA407B /* Products */ = {
			isa = PBXGroup;
			children = (
				893857EC1A9589F200DA407B /* chatWParse.app */,
				893858011A9589F200DA407B /* chatWParseTests.xctest */,
			);
			name = Products;
			sourceTree = "<group>";
		};
		893857EE1A9589F200DA407B /* chatWParse */ = {
			isa = PBXGroup;
			children = (
				893858111A958A7800DA407B /* chatWParse-Bridging-Header.h */,
				893857F11A9589F200DA407B /* AppDelegate.swift */,
				893857F31A9589F200DA407B /* ViewController.swift */,
				893857F51A9589F200DA407B /* Main.storyboard */,
				893857F81A9589F200DA407B /* Images.xcassets */,
				893857FA1A9589F200DA407B /* LaunchScreen.xib */,
				893857EF1A9589F200DA407B /* Supporting Files */,
				893858151A95900B00DA407B /* ChatViewController.swift */,
				893858191A9593B300DA407B /* ChatViewCell.swift */,
			);
			path = chatWParse;
			sourceTree = "<group>";
		};
		893857EF1A9589F200DA407B /* Supporting Files */ = {
			isa = PBXGroup;
			children = (
				893857F01A9589F200DA407B /* Info.plist */,
			);
			name = "Supporting Files";
			sourceTree = "<group>";
		};
		893858041A9589F200DA407B /* chatWParseTests */ = {
			isa = PBXGroup;
			children = (
				893858071A9589F200DA407B /* chatWParseTests.swift */,
				893858051A9589F200DA407B /* Supporting Files */,
			);
			path = chatWParseTests;
			sourceTree = "<group>";
		};
		893858051A9589F200DA407B /* Supporting Files */ = {
			isa = PBXGroup;
			children = (
				893858061A9589F200DA407B /* Info.plist */,
			);
			name = "Supporting Files";
			sourceTree = "<group>";
		};
		E586026E711E3AA7240C4111 /* Frameworks */ = {
			isa = PBXGroup;
			children = (
				A27DE2E5F91C7ADFBDE0026A /* libPods.a */,
			);
			name = Frameworks;
			sourceTree = "<group>";
		};
/* End PBXGroup section */

/* Begin PBXNativeTarget section */
		893857EB1A9589F200DA407B /* chatWParse */ = {
			isa = PBXNativeTarget;
			buildConfigurationList = 8938580B1A9589F200DA407B /* Build configuration list for PBXNativeTarget "chatWParse" */;
			buildPhases = (
				B77A074469772751880207CD /* Check Pods Manifest.lock */,
				893857E81A9589F200DA407B /* Sources */,
				893857E91A9589F200DA407B /* Frameworks */,
				893857EA1A9589F200DA407B /* Resources */,
				F20705E80A1B28BCBE5A42DB /* Copy Pods Resources */,
			);
			buildRules = (
			);
			dependencies = (
			);
			name = chatWParse;
			productName = chatWParse;
			productReference = 893857EC1A9589F200DA407B /* chatWParse.app */;
			productType = "com.apple.product-type.application";
		};
		893858001A9589F200DA407B /* chatWParseTests */ = {
			isa = PBXNativeTarget;
			buildConfigurationList = 8938580E1A9589F200DA407B /* Build configuration list for PBXNativeTarget "chatWParseTests" */;
			buildPhases = (
				893857FD1A9589F200DA407B /* Sources */,
				893857FE1A9589F200DA407B /* Frameworks */,
				893857FF1A9589F200DA407B /* Resources */,
			);
			buildRules = (
			);
			dependencies = (
				893858031A9589F200DA407B /* PBXTargetDependency */,
			);
			name = chatWParseTests;
			productName = chatWParseTests;
			productReference = 893858011A9589F200DA407B /* chatWParseTests.xctest */;
			productType = "com.apple.product-type.bundle.unit-test";
		};
/* End PBXNativeTarget section */

/* Begin PBXProject section */
		893857E41A9589F200DA407B /* Project object */ = {
			isa = PBXProject;
			attributes = {
				LastUpgradeCheck = 0610;
				ORGANIZATIONNAME = devtechie.com;
				TargetAttributes = {
					893857EB1A9589F200DA407B = {
						CreatedOnToolsVersion = 6.1.1;
					};
					893858001A9589F200DA407B = {
						CreatedOnToolsVersion = 6.1.1;
						TestTargetID = 893857EB1A9589F200DA407B;
					};
				};
			};
			buildConfigurationList = 893857E71A9589F200DA407B /* Build configuration list for PBXProject "chatWParse" */;
			compatibilityVersion = "Xcode 3.2";
			developmentRegion = English;
			hasScannedForEncodings = 0;
			knownRegions = (
				en,
				Base,
			);
			mainGroup = 893857E31A9589F200DA407B;
			productRefGroup = 893857ED1A9589F200DA407B /* Products */;
			projectDirPath = "";
			projectRoot = "";
			targets = (
				893857EB1A9589F200DA407B /* chatWParse */,
				893858001A9589F200DA407B /* chatWParseTests */,
			);
		};
/* End PBXProject section */

/* Begin PBXResourcesBuildPhase section */
		893857EA1A9589F200DA407B /* Resources */ = {
			isa = PBXResourcesBuildPhase;
			buildActionMask = 2147483647;
			files = (
				893857F71A9589F200DA407B /* Main.storyboard in Resources */,
				893857FC1A9589F200DA407B /* LaunchScreen.xib in Resources */,
				893857F91A9589F200DA407B /* Images.xcassets in Resources */,
			);
			runOnlyForDeploymentPostprocessing = 0;
		};
		893857FF1A9589F200DA407B /* Resources */ = {
			isa = PBXResourcesBuildPhase;
			buildActionMask = 2147483647;
			files = (
			);
			runOnlyForDeploymentPostprocessing = 0;
		};
/* End PBXResourcesBuildPhase section */

/* Begin PBXShellScriptBuildPhase section */
		B77A074469772751880207CD /* Check Pods Manifest.lock */ = {
			isa = PBXShellScriptBuildPhase;
			buildActionMask = 2147483647;
			files = (
			);
			inputPaths = (
			);
			name = "Check Pods Manifest.lock";
			outputPaths = (
			);
			runOnlyForDeploymentPostprocessing = 0;
			shellPath = /bin/sh;
			shellScript = "diff \"${PODS_ROOT}/../Podfile.lock\" \"${PODS_ROOT}/Manifest.lock\" > /dev/null\nif [[ $? != 0 ]] ; then\n    cat << EOM\nerror: The sandbox is not in sync with the Podfile.lock. Run 'pod install' or update your CocoaPods installation.\nEOM\n    exit 1\nfi\n";
			showEnvVarsInLog = 0;
		};
		F20705E80A1B28BCBE5A42DB /* Copy Pods Resources */ = {
			isa = PBXShellScriptBuildPhase;
			buildActionMask = 2147483647;
			files = (
			);
			inputPaths = (
			);
			name = "Copy Pods Resources";
			outputPaths = (
			);
			runOnlyForDeploymentPostprocessing = 0;
			shellPath = /bin/sh;
			shellScript = "\"${SRCROOT}/Pods/Target Support Files/Pods/Pods-resources.sh\"\n";
			showEnvVarsInLog = 0;
		};
/* End PBXShellScriptBuildPhase section */

/* Begin PBXSourcesBuildPhase section */
		893857E81A9589F200DA407B /* Sources */ = {
			isa = PBXSourcesBuildPhase;
			buildActionMask = 2147483647;
			files = (
				8938581A1A9593B300DA407B /* ChatViewCell.swift in Sources */,
				893857F41A9589F200DA407B /* ViewController.swift in Sources */,
				893858161A95900B00DA407B /* ChatViewController.swift in Sources */,
				893857F21A9589F200DA407B /* AppDelegate.swift in Sources */,
			);
			runOnlyForDeploymentPostprocessing = 0;
		};
		893857FD1A9589F200DA407B /* Sources */ = {
			isa = PBXSourcesBuildPhase;
			buildActionMask = 2147483647;
			files = (
				893858081A9589F200DA407B /* chatWParseTests.swift in Sources */,
			);
			runOnlyForDeploymentPostprocessing = 0;
		};
/* End PBXSourcesBuildPhase section */

/* Begin PBXTargetDependency section */
		893858031A9589F200DA407B /* PBXTargetDependency */ = {
			isa = PBXTargetDependency;
			target = 893857EB1A9589F200DA407B /* chatWParse */;
			targetProxy = 893858021A9589F200DA407B /* PBXContainerItemProxy */;
		};
/* End PBXTargetDependency section */

/* Begin PBXVariantGroup section */
		893857F51A9589F200DA407B /* Main.storyboard */ = {
			isa = PBXVariantGroup;
			children = (
				893857F61A9589F200DA407B /* Base */,
			);
			name = Main.storyboard;
			sourceTree = "<group>";
		};
		893857FA1A9589F200DA407B /* LaunchScreen.xib */ = {
			isa = PBXVariantGroup;
			children = (
				893857FB1A9589F200DA407B /* Base */,
			);
			name = LaunchScreen.xib;
			sourceTree = "<group>";
		};
/* End PBXVariantGroup section */

/* Begin XCBuildConfiguration section */
		893858091A9589F200DA407B /* Debug */ = {
			isa = XCBuildConfiguration;
			buildSettings = {
				ALWAYS_SEARCH_USER_PATHS = NO;
				CLANG_CXX_LANGUAGE_STANDARD = "gnu++0x";
				CLANG_CXX_LIBRARY = "libc++";
				CLANG_ENABLE_MODULES = YES;
				CLANG_ENABLE_OBJC_ARC = YES;
				CLANG_WARN_BOOL_CONVERSION = YES;
				CLANG_WARN_CONSTANT_CONVERSION = YES;
				CLANG_WARN_DIRECT_OBJC_ISA_USAGE = YES_ERROR;
				CLANG_WARN_EMPTY_BODY = YES;
				CLANG_WARN_ENUM_CONVERSION = YES;
				CLANG_WARN_INT_CONVERSION = YES;
				CLANG_WARN_OBJC_ROOT_CLASS = YES_ERROR;
				CLANG_WARN_UNREACHABLE_CODE = YES;
				CLANG_WARN__DUPLICATE_METHOD_MATCH = YES;
				"CODE_SIGN_IDENTITY[sdk=iphoneos*]" = "iPhone Developer";
				COPY_PHASE_STRIP = NO;
				ENABLE_STRICT_OBJC_MSGSEND = YES;
				GCC_C_LANGUAGE_STANDARD = gnu99;
				GCC_DYNAMIC_NO_PIC = NO;
				GCC_OPTIMIZATION_LEVEL = 0;
				GCC_PREPROCESSOR_DEFINITIONS = (
					"DEBUG=1",
					"$(inherited)",
				);
				GCC_SYMBOLS_PRIVATE_EXTERN = NO;
				GCC_WARN_64_TO_32_BIT_CONVERSION = YES;
				GCC_WARN_ABOUT_RETURN_TYPE = YES_ERROR;
				GCC_WARN_UNDECLARED_SELECTOR = YES;
				GCC_WARN_UNINITIALIZED_AUTOS = YES_AGGRESSIVE;
				GCC_WARN_UNUSED_FUNCTION = YES;
				GCC_WARN_UNUSED_VARIABLE = YES;
				IPHONEOS_DEPLOYMENT_TARGET = 8.1;
				MTL_ENABLE_DEBUG_INFO = YES;
				ONLY_ACTIVE_ARCH = YES;
				SDKROOT = iphoneos;
				SWIFT_OPTIMIZATION_LEVEL = "-Onone";
			};
			name = Debug;
		};
		8938580A1A9589F200DA407B /* Release */ = {
			isa = XCBuildConfiguration;
			buildSettings = {
				ALWAYS_SEARCH_USER_PATHS = NO;
				CLANG_CXX_LANGUAGE_STANDARD = "gnu++0x";
				CLANG_CXX_LIBRARY = "libc++";
				CLANG_ENABLE_MODULES = YES;
				CLANG_ENABLE_OBJC_ARC = YES;
				CLANG_WARN_BOOL_CONVERSION = YES;
				CLANG_WARN_CONSTANT_CONVERSION = YES;
				CLANG_WARN_DIRECT_OBJC_ISA_USAGE = YES_ERROR;
				CLANG_WARN_EMPTY_BODY = YES;
				CLANG_WARN_ENUM_CONVERSION = YES;
				CLANG_WARN_INT_CONVERSION = YES;
				CLANG_WARN_OBJC_ROOT_CLASS = YES_ERROR;
				CLANG_WARN_UNREACHABLE_CODE = YES;
				CLANG_WARN__DUPLICATE_METHOD_MATCH = YES;
				"CODE_SIGN_IDENTITY[sdk=iphoneos*]" = "iPhone Developer";
				COPY_PHASE_STRIP = YES;
				ENABLE_NS_ASSERTIONS = NO;
				ENABLE_STRICT_OBJC_MSGSEND = YES;
				GCC_C_LANGUAGE_STANDARD = gnu99;
				GCC_WARN_64_TO_32_BIT_CONVERSION = YES;
				GCC_WARN_ABOUT_RETURN_TYPE = YES_ERROR;
				GCC_WARN_UNDECLARED_SELECTOR = YES;
				GCC_WARN_UNINITIALIZED_AUTOS = YES_AGGRESSIVE;
				GCC_WARN_UNUSED_FUNCTION = YES;
				GCC_WARN_UNUSED_VARIABLE = YES;
				IPHONEOS_DEPLOYMENT_TARGET = 8.1;
				MTL_ENABLE_DEBUG_INFO = NO;
				SDKROOT = iphoneos;
				VALIDATE_PRODUCT = YES;
			};
			name = Release;
		};
		8938580C1A9589F200DA407B /* Debug */ = {
			isa = XCBuildConfiguration;
			baseConfigurationReference = FA46F2DEEE86F0D0C3D576A2 /* Pods.debug.xcconfig */;
			buildSettings = {
				ASSETCATALOG_COMPILER_APPICON_NAME = AppIcon;
				CLANG_ENABLE_MODULES = YES;
				INFOPLIST_FILE = chatWParse/Info.plist;
				LD_RUNPATH_SEARCH_PATHS = "$(inherited) @executable_path/Frameworks";
				PRODUCT_NAME = "$(TARGET_NAME)";
				SWIFT_OBJC_BRIDGING_HEADER = "chatWParse-Bridging-Header.h";
				SWIFT_OPTIMIZATION_LEVEL = "-Onone";
			};
			name = Debug;
		};
		8938580D1A9589F200DA407B /* Release */ = {
			isa = XCBuildConfiguration;
			baseConfigurationReference = 97742ACC3EF6DAB8AD93A147 /* Pods.release.xcconfig */;
			buildSettings = {
				ASSETCATALOG_COMPILER_APPICON_NAME = AppIcon;
				CLANG_ENABLE_MODULES = YES;
				INFOPLIST_FILE = chatWParse/Info.plist;
				LD_RUNPATH_SEARCH_PATHS = "$(inherited) @executable_path/Frameworks";
				PRODUCT_NAME = "$(TARGET_NAME)";
				SWIFT_OBJC_BRIDGING_HEADER = "chatWParse-Bridging-Header.h";
			};
			name = Release;
		};
		8938580F1A9589F200DA407B /* Debug */ = {
			isa = XCBuildConfiguration;
			buildSettings = {
				BUNDLE_LOADER = "$(TEST_HOST)";
				FRAMEWORK_SEARCH_PATHS = (
					"$(SDKROOT)/Developer/Library/Frameworks",
					"$(inherited)",
				);
				GCC_PREPROCESSOR_DEFINITIONS = (
					"DEBUG=1",
					"$(inherited)",
				);
				INFOPLIST_FILE = chatWParseTests/Info.plist;
				LD_RUNPATH_SEARCH_PATHS = "$(inherited) @executable_path/Frameworks @loader_path/Frameworks";
				PRODUCT_NAME = "$(TARGET_NAME)";
				TEST_HOST = "$(BUILT_PRODUCTS_DIR)/chatWParse.app/chatWParse";
			};
			name = Debug;
		};
		893858101A9589F200DA407B /* Release */ = {
			isa = XCBuildConfiguration;
			buildSettings = {
				BUNDLE_LOADER = "$(TEST_HOST)";
				FRAMEWORK_SEARCH_PATHS = (
					"$(SDKROOT)/Developer/Library/Frameworks",
					"$(inherited)",
				);
				INFOPLIST_FILE = chatWParseTests/Info.plist;
				LD_RUNPATH_SEARCH_PATHS = "$(inherited) @executable_path/Frameworks @loader_path/Frameworks";
				PRODUCT_NAME = "$(TARGET_NAME)";
				TEST_HOST = "$(BUILT_PRODUCTS_DIR)/chatWParse.app/chatWParse";
			};
			name = Release;
		};
/* End XCBuildConfiguration section */

/* Begin XCConfigurationList section */
		893857E71A9589F200DA407B /* Build configuration list for PBXProject "chatWParse" */ = {
			isa = XCConfigurationList;
			buildConfigurations = (
				893858091A9589F200DA407B /* Debug */,
				8938580A1A9589F200DA407B /* Release */,
			);
			defaultConfigurationIsVisible = 0;
			defaultConfigurationName = Release;
		};
		8938580B1A9589F200DA407B /* Build configuration list for PBXNativeTarget "chatWParse" */ = {
			isa = XCConfigurationList;
			buildConfigurations = (
				8938580C1A9589F200DA407B /* Debug */,
				8938580D1A9589F200DA407B /* Release */,
			);
			defaultConfigurationIsVisible = 0;
			defaultConfigurationName = Release;
		};
		8938580E1A9589F200DA407B /* Build configuration list for PBXNativeTarget "chatWParseTests" */ = {
			isa = XCConfigurationList;
			buildConfigurations = (
				8938580F1A9589F200DA407B /* Debug */,
				893858101A9589F200DA407B /* Release */,
			);
			defaultConfigurationIsVisible = 0;
			defaultConfigurationName = Release;
		};
/* End XCConfigurationList section */
	};
	rootObject = 893857E41A9589F200DA407B /* Project object */;
}
